// !$*UTF8*$!
{
	archiveVersion = 1;
	classes = {
	};
	objectVersion = 56;
	objects = {

/* Begin PBXBuildFile section */
		2B18BC632B664467007636EC /* UIImageView+.swift in Sources */ = {isa = PBXBuildFile; fileRef = 2B18BC622B664467007636EC /* UIImageView+.swift */; };
		2B21049E2B1F0AEA005CA1F0 /* GTextField.swift in Sources */ = {isa = PBXBuildFile; fileRef = 2B21049D2B1F0AEA005CA1F0 /* GTextField.swift */; };
		2B34AEAE2B329E7D00924B18 /* Tabman in Frameworks */ = {isa = PBXBuildFile; productRef = 2B34AEAD2B329E7D00924B18 /* Tabman */; };
		2B34AEB02B32A12300924B18 /* SwipeViewController.swift in Sources */ = {isa = PBXBuildFile; fileRef = 2B34AEAF2B32A12300924B18 /* SwipeViewController.swift */; };
		2B34AEB22B32A1D000924B18 /* FirstSwipeViewController.swift in Sources */ = {isa = PBXBuildFile; fileRef = 2B34AEB12B32A1D000924B18 /* FirstSwipeViewController.swift */; };
		2B34AEB42B32A1EB00924B18 /* SecondSwipeViewController.swift in Sources */ = {isa = PBXBuildFile; fileRef = 2B34AEB32B32A1EB00924B18 /* SecondSwipeViewController.swift */; };
		2B34AEB62B32B1D600924B18 /* FirstSwipeTableViewCell.swift in Sources */ = {isa = PBXBuildFile; fileRef = 2B34AEB52B32B1D600924B18 /* FirstSwipeTableViewCell.swift */; };
		2B34AEB82B32B34600924B18 /* FirstSwipeView.swift in Sources */ = {isa = PBXBuildFile; fileRef = 2B34AEB72B32B34600924B18 /* FirstSwipeView.swift */; };
		2B34AEBD2B32D80D00924B18 /* SecondSwipeView.swift in Sources */ = {isa = PBXBuildFile; fileRef = 2B34AEBC2B32D80D00924B18 /* SecondSwipeView.swift */; };
		2B34AEBF2B32D8C300924B18 /* SecondSwipeCollectionViewCell.swift in Sources */ = {isa = PBXBuildFile; fileRef = 2B34AEBE2B32D8C300924B18 /* SecondSwipeCollectionViewCell.swift */; };
		2B53A1022B4577370077BF6C /* Date+.swift in Sources */ = {isa = PBXBuildFile; fileRef = 2B53A1012B4577370077BF6C /* Date+.swift */; };
		2B61ACDE2B107B0E00C3F29E /* Alert+.swift in Sources */ = {isa = PBXBuildFile; fileRef = 2B61ACDD2B107B0E00C3F29E /* Alert+.swift */; };
		2B61ACE12B12543C00C3F29E /* RandomNickname.json in Resources */ = {isa = PBXBuildFile; fileRef = 2B61ACE02B12543C00C3F29E /* RandomNickname.json */; };
		2B61ACE32B1256AC00C3F29E /* NicknameDataManager.swift in Sources */ = {isa = PBXBuildFile; fileRef = 2B61ACE22B1256AC00C3F29E /* NicknameDataManager.swift */; };
		2B61ACE62B12573400C3F29E /* NicknameDataModel.swift in Sources */ = {isa = PBXBuildFile; fileRef = 2B61ACE52B12573400C3F29E /* NicknameDataModel.swift */; };
		2B61ACE82B12777600C3F29E /* GImageButton.swift in Sources */ = {isa = PBXBuildFile; fileRef = 2B61ACE72B12777600C3F29E /* GImageButton.swift */; };
		2B6D6DE72B09DE8F004A8DA9 /* Then in Frameworks */ = {isa = PBXBuildFile; productRef = 2B6D6DE62B09DE8F004A8DA9 /* Then */; };
		2B6D6DE92B09DF31004A8DA9 /* GPasswordTextField.swift in Sources */ = {isa = PBXBuildFile; fileRef = 2B6D6DE82B09DF31004A8DA9 /* GPasswordTextField.swift */; };
		2B6D6DEB2B09F62A004A8DA9 /* BaseViewModel.swift in Sources */ = {isa = PBXBuildFile; fileRef = 2B6D6DEA2B09F62A004A8DA9 /* BaseViewModel.swift */; };
		2B6D6DEF2B09F805004A8DA9 /* JoinStep1ViewModel.swift in Sources */ = {isa = PBXBuildFile; fileRef = 2B6D6DEE2B09F805004A8DA9 /* JoinStep1ViewModel.swift */; };
		2B6D6DF92B0A3C4F004A8DA9 /* IQKeyboardManagerSwift in Frameworks */ = {isa = PBXBuildFile; productRef = 2B6D6DF82B0A3C4F004A8DA9 /* IQKeyboardManagerSwift */; };
		2B6D6E202B0B440D004A8DA9 /* .gitignore in Resources */ = {isa = PBXBuildFile; fileRef = 2B6D6E1F2B0B440D004A8DA9 /* .gitignore */; };
		2B6D6E2A2B0B5480004A8DA9 /* JoinAPI.swift in Sources */ = {isa = PBXBuildFile; fileRef = 2B6D6E292B0B5480004A8DA9 /* JoinAPI.swift */; };
		2B6D6E2D2B0B5491004A8DA9 /* APIKey.swift in Sources */ = {isa = PBXBuildFile; fileRef = 2B6D6E2C2B0B5491004A8DA9 /* APIKey.swift */; };
		2B6D6E312B0B6CFD004A8DA9 /* JoinModel.swift in Sources */ = {isa = PBXBuildFile; fileRef = 2B6D6E302B0B6CFD004A8DA9 /* JoinModel.swift */; };
		2B6D6E532B0CC362004A8DA9 /* APIError.swift in Sources */ = {isa = PBXBuildFile; fileRef = 2B6D6E522B0CC362004A8DA9 /* APIError.swift */; };
		2B6D6E5D2B0DAA5A004A8DA9 /* JoinAPIManager.swift in Sources */ = {isa = PBXBuildFile; fileRef = 2B6D6E5C2B0DAA5A004A8DA9 /* JoinAPIManager.swift */; };
		2B6D6E602B0DE611004A8DA9 /* RxCocoa in Frameworks */ = {isa = PBXBuildFile; productRef = 2B6D6E5F2B0DE611004A8DA9 /* RxCocoa */; };
		2B6D6E622B0DE611004A8DA9 /* RxRelay in Frameworks */ = {isa = PBXBuildFile; productRef = 2B6D6E612B0DE611004A8DA9 /* RxRelay */; };
		2B6D6E642B0DE611004A8DA9 /* RxSwift in Frameworks */ = {isa = PBXBuildFile; productRef = 2B6D6E632B0DE611004A8DA9 /* RxSwift */; };
		2B6D6E672B0DE629004A8DA9 /* Moya in Frameworks */ = {isa = PBXBuildFile; productRef = 2B6D6E662B0DE629004A8DA9 /* Moya */; };
		2B6D6E692B0DE629004A8DA9 /* RxMoya in Frameworks */ = {isa = PBXBuildFile; productRef = 2B6D6E682B0DE629004A8DA9 /* RxMoya */; };
		2B76B8E22B25905E00F19F7C /* AuthInterceptor.swift in Sources */ = {isa = PBXBuildFile; fileRef = 2B76B8E12B25905E00F19F7C /* AuthInterceptor.swift */; };
		2B76B8E42B25D79E00F19F7C /* GBorderImageView.swift in Sources */ = {isa = PBXBuildFile; fileRef = 2B76B8E32B25D79E00F19F7C /* GBorderImageView.swift */; };
		2B76B8E72B26207200F19F7C /* GBackView.swift in Sources */ = {isa = PBXBuildFile; fileRef = 2B76B8E62B26207200F19F7C /* GBackView.swift */; };
		2B76B8F52B27543200F19F7C /* UserLoginManager.swift in Sources */ = {isa = PBXBuildFile; fileRef = 2B76B8F42B27543200F19F7C /* UserLoginManager.swift */; };
		2B7EE65B2B29819D00C7E9CD /* ProfileViewController.swift in Sources */ = {isa = PBXBuildFile; fileRef = 2B7EE65A2B29819D00C7E9CD /* ProfileViewController.swift */; };
		2B7EE65E2B29821700C7E9CD /* ProfileView.swift in Sources */ = {isa = PBXBuildFile; fileRef = 2B7EE65D2B29821700C7E9CD /* ProfileView.swift */; };
		2B7EE6642B2AEDFB00C7E9CD /* DetailView.swift in Sources */ = {isa = PBXBuildFile; fileRef = 2B7EE6632B2AEDFB00C7E9CD /* DetailView.swift */; };
		2B7EE6662B2AEE0900C7E9CD /* DetailViewController.swift in Sources */ = {isa = PBXBuildFile; fileRef = 2B7EE6652B2AEE0900C7E9CD /* DetailViewController.swift */; };
		2B7EE6682B2B10DB00C7E9CD /* PostTableViewCell.swift in Sources */ = {isa = PBXBuildFile; fileRef = 2B7EE6672B2B10DB00C7E9CD /* PostTableViewCell.swift */; };
		2B7EE66A2B2B10E400C7E9CD /* CommentTableViewCell.swift in Sources */ = {isa = PBXBuildFile; fileRef = 2B7EE6692B2B10E400C7E9CD /* CommentTableViewCell.swift */; };
		2B7EE66F2B2C74EC00C7E9CD /* DetailViewModel.swift in Sources */ = {isa = PBXBuildFile; fileRef = 2B7EE66E2B2C74EC00C7E9CD /* DetailViewModel.swift */; };
		2B7EE6712B2CEE8F00C7E9CD /* CustomHeaderView.swift in Sources */ = {isa = PBXBuildFile; fileRef = 2B7EE6702B2CEE8F00C7E9CD /* CustomHeaderView.swift */; };
		2B9406282B133246003FCE94 /* NaviBarButton+.swift in Sources */ = {isa = PBXBuildFile; fileRef = 2B9406272B133246003FCE94 /* NaviBarButton+.swift */; };
		2B94062A2B134146003FCE94 /* JoinStep2ViewModel.swift in Sources */ = {isa = PBXBuildFile; fileRef = 2B9406292B134146003FCE94 /* JoinStep2ViewModel.swift */; };
		2B94062E2B139809003FCE94 /* KeychainManager.swift in Sources */ = {isa = PBXBuildFile; fileRef = 2B94062D2B139809003FCE94 /* KeychainManager.swift */; };
		2B94063D2B14749E003FCE94 /* LoginViewModel.swift in Sources */ = {isa = PBXBuildFile; fileRef = 2B94063C2B14749E003FCE94 /* LoginViewModel.swift */; };
		2B94063F2B1498B0003FCE94 /* Notification+.swift in Sources */ = {isa = PBXBuildFile; fileRef = 2B94063E2B1498B0003FCE94 /* Notification+.swift */; };
		2B9406412B14DB44003FCE94 /* 창원단감아삭체.otf in Resources */ = {isa = PBXBuildFile; fileRef = 2B9406402B14DB44003FCE94 /* 창원단감아삭체.otf */; };
		2B9406472B15D35C003FCE94 /* SwiftKeychainWrapper in Frameworks */ = {isa = PBXBuildFile; productRef = 2B9406462B15D35C003FCE94 /* SwiftKeychainWrapper */; };
		2B94064C2B1602EC003FCE94 /* PostModel.swift in Sources */ = {isa = PBXBuildFile; fileRef = 2B94064B2B1602EC003FCE94 /* PostModel.swift */; };
		2B94064E2B1602F5003FCE94 /* PostAPI.swift in Sources */ = {isa = PBXBuildFile; fileRef = 2B94064D2B1602F5003FCE94 /* PostAPI.swift */; };
		2B9406692B17244C003FCE94 /* PostAPIManager.swift in Sources */ = {isa = PBXBuildFile; fileRef = 2B9406682B17244C003FCE94 /* PostAPIManager.swift */; };
		2BBBBDB72B2865130035179C /* Kingfisher in Frameworks */ = {isa = PBXBuildFile; productRef = 2BBBBDB62B2865130035179C /* Kingfisher */; };
		2BBBBDBA2B2888C70035179C /* Constant.swift in Sources */ = {isa = PBXBuildFile; fileRef = 2BBBBDB92B2888C70035179C /* Constant.swift */; };
		2BC555BD2B3701480042620E /* RankingView.swift in Sources */ = {isa = PBXBuildFile; fileRef = 2BC555BC2B3701480042620E /* RankingView.swift */; };
		2BC555BF2B3701580042620E /* RankingViewController.swift in Sources */ = {isa = PBXBuildFile; fileRef = 2BC555BE2B3701580042620E /* RankingViewController.swift */; };
		2BC60D1B2B18ACF50016584E /* HomeViewController.swift in Sources */ = {isa = PBXBuildFile; fileRef = 2BC60D1A2B18ACF50016584E /* HomeViewController.swift */; };
		2BC60D1D2B18ACFD0016584E /* HomeView.swift in Sources */ = {isa = PBXBuildFile; fileRef = 2BC60D1C2B18ACFD0016584E /* HomeView.swift */; };
		2BC60D1F2B18AD060016584E /* HomeViewModel.swift in Sources */ = {isa = PBXBuildFile; fileRef = 2BC60D1E2B18AD060016584E /* HomeViewModel.swift */; };
		2BC60D452B19C7580016584E /* BaseCollectionViewCell.swift in Sources */ = {isa = PBXBuildFile; fileRef = 2BC60D442B19C7580016584E /* BaseCollectionViewCell.swift */; };
		2BC60D4C2B1C4CD10016584E /* BaseTableViewCell.swift in Sources */ = {isa = PBXBuildFile; fileRef = 2BC60D4B2B1C4CD10016584E /* BaseTableViewCell.swift */; };
		2BC60D542B1C55550016584E /* ReusableViewProtocol+.swift in Sources */ = {isa = PBXBuildFile; fileRef = 2BC60D532B1C55550016584E /* ReusableViewProtocol+.swift */; };
		2BC60D562B1C56590016584E /* HomeTableViewCell.swift in Sources */ = {isa = PBXBuildFile; fileRef = 2BC60D552B1C56590016584E /* HomeTableViewCell.swift */; };
		2BC60D5B2B1C5EE00016584E /* ImageCollectionViewCell.swift in Sources */ = {isa = PBXBuildFile; fileRef = 2BC60D5A2B1C5EE00016584E /* ImageCollectionViewCell.swift */; };
		2BC60D5E2B1C97290016584E /* PostViewController.swift in Sources */ = {isa = PBXBuildFile; fileRef = 2BC60D5D2B1C97290016584E /* PostViewController.swift */; };
		2BC60D602B1C97810016584E /* PostView.swift in Sources */ = {isa = PBXBuildFile; fileRef = 2BC60D5F2B1C97810016584E /* PostView.swift */; };
		2BC60D652B1CC3230016584E /* PostCollectionViewCell.swift in Sources */ = {isa = PBXBuildFile; fileRef = 2BC60D642B1CC3230016584E /* PostCollectionViewCell.swift */; };
		2BC60D672B1CD23B0016584E /* PostViewModel.swift in Sources */ = {isa = PBXBuildFile; fileRef = 2BC60D662B1CD23B0016584E /* PostViewModel.swift */; };
		2BD741B12B06051F006C11B2 /* AppDelegate.swift in Sources */ = {isa = PBXBuildFile; fileRef = 2BD741B02B06051F006C11B2 /* AppDelegate.swift */; };
		2BD741B32B06051F006C11B2 /* SceneDelegate.swift in Sources */ = {isa = PBXBuildFile; fileRef = 2BD741B22B06051F006C11B2 /* SceneDelegate.swift */; };
		2BD741B52B06051F006C11B2 /* InitialViewController.swift in Sources */ = {isa = PBXBuildFile; fileRef = 2BD741B42B06051F006C11B2 /* InitialViewController.swift */; };
		2BD741BA2B060521006C11B2 /* Assets.xcassets in Resources */ = {isa = PBXBuildFile; fileRef = 2BD741B92B060521006C11B2 /* Assets.xcassets */; };
		2BD741BD2B060521006C11B2 /* LaunchScreen.storyboard in Resources */ = {isa = PBXBuildFile; fileRef = 2BD741BB2B060521006C11B2 /* LaunchScreen.storyboard */; };
		2BD741CA2B0607FC006C11B2 /* JoinStep1ViewController.swift in Sources */ = {isa = PBXBuildFile; fileRef = 2BD741C92B0607FC006C11B2 /* JoinStep1ViewController.swift */; };
		2BD741CC2B061F5C006C11B2 /* LoginViewController.swift in Sources */ = {isa = PBXBuildFile; fileRef = 2BD741CB2B061F5C006C11B2 /* LoginViewController.swift */; };
		2BD741D62B07905F006C11B2 /* BaseView.swift in Sources */ = {isa = PBXBuildFile; fileRef = 2BD741D52B07905F006C11B2 /* BaseView.swift */; };
		2BD741D82B079084006C11B2 /* BaseViewController.swift in Sources */ = {isa = PBXBuildFile; fileRef = 2BD741D72B079084006C11B2 /* BaseViewController.swift */; };
		2BD741DB2B079341006C11B2 /* SnapKit in Frameworks */ = {isa = PBXBuildFile; productRef = 2BD741DA2B079341006C11B2 /* SnapKit */; };
		2BD741DD2B079469006C11B2 /* LoginView.swift in Sources */ = {isa = PBXBuildFile; fileRef = 2BD741DC2B079469006C11B2 /* LoginView.swift */; };
		2BD741E52B079A8C006C11B2 /* Pretendard-Light.otf in Resources */ = {isa = PBXBuildFile; fileRef = 2BD741E02B079A8B006C11B2 /* Pretendard-Light.otf */; };
		2BD741E62B079A8C006C11B2 /* Pretendard-SemiBold.otf in Resources */ = {isa = PBXBuildFile; fileRef = 2BD741E12B079A8B006C11B2 /* Pretendard-SemiBold.otf */; };
		2BD741E72B079A8C006C11B2 /* Pretendard-Regular.otf in Resources */ = {isa = PBXBuildFile; fileRef = 2BD741E22B079A8B006C11B2 /* Pretendard-Regular.otf */; };
		2BD741E82B079A8C006C11B2 /* Pretendard-Thin.otf in Resources */ = {isa = PBXBuildFile; fileRef = 2BD741E32B079A8B006C11B2 /* Pretendard-Thin.otf */; };
		2BD741E92B079A8C006C11B2 /* Pretendard-Medium.otf in Resources */ = {isa = PBXBuildFile; fileRef = 2BD741E42B079A8C006C11B2 /* Pretendard-Medium.otf */; };
		2BD741EC2B079A97006C11B2 /* Pretendard-Bold.otf in Resources */ = {isa = PBXBuildFile; fileRef = 2BD741EA2B079A97006C11B2 /* Pretendard-Bold.otf */; };
		2BD741ED2B079A97006C11B2 /* Pretendard-Black.otf in Resources */ = {isa = PBXBuildFile; fileRef = 2BD741EB2B079A97006C11B2 /* Pretendard-Black.otf */; };
		2BD741F22B079FF8006C11B2 /* Font+.swift in Sources */ = {isa = PBXBuildFile; fileRef = 2BD741F12B079FF8006C11B2 /* Font+.swift */; };
		2BD741F52B07B8D9006C11B2 /* GLabel.swift in Sources */ = {isa = PBXBuildFile; fileRef = 2BD741F42B07B8D9006C11B2 /* GLabel.swift */; };
		2BD741F72B07C708006C11B2 /* GHoshiTextField.swift in Sources */ = {isa = PBXBuildFile; fileRef = 2BD741F62B07C708006C11B2 /* GHoshiTextField.swift */; };
		2BD741F92B07CE01006C11B2 /* GDivider.swift in Sources */ = {isa = PBXBuildFile; fileRef = 2BD741F82B07CE01006C11B2 /* GDivider.swift */; };
		2BD741FB2B088255006C11B2 /* GButton.swift in Sources */ = {isa = PBXBuildFile; fileRef = 2BD741FA2B088255006C11B2 /* GButton.swift */; };
		2BD741FD2B088DBA006C11B2 /* GTextButton.swift in Sources */ = {isa = PBXBuildFile; fileRef = 2BD741FC2B088DBA006C11B2 /* GTextButton.swift */; };
		2BD741FF2B08A49C006C11B2 /* JoinStep1View.swift in Sources */ = {isa = PBXBuildFile; fileRef = 2BD741FE2B08A49C006C11B2 /* JoinStep1View.swift */; };
		2BD742012B08DA3C006C11B2 /* JoinStep2ViewController.swift in Sources */ = {isa = PBXBuildFile; fileRef = 2BD742002B08DA3C006C11B2 /* JoinStep2ViewController.swift */; };
		2BD742032B08DA4B006C11B2 /* JoinStep2View.swift in Sources */ = {isa = PBXBuildFile; fileRef = 2BD742022B08DA4B006C11B2 /* JoinStep2View.swift */; };
		2BD742062B08DCEC006C11B2 /* TextFieldEffects in Frameworks */ = {isa = PBXBuildFile; productRef = 2BD742052B08DCEC006C11B2 /* TextFieldEffects */; };
		2BE01DE62B28538900AB6B0F /* RootVCManager.swift in Sources */ = {isa = PBXBuildFile; fileRef = 2BE01DE52B28538900AB6B0F /* RootVCManager.swift */; };
		2BF10E872B34136B0009D7B0 /* SettingViewController.swift in Sources */ = {isa = PBXBuildFile; fileRef = 2BF10E862B34136B0009D7B0 /* SettingViewController.swift */; };
		2BF10E892B3413E40009D7B0 /* SettingView.swift in Sources */ = {isa = PBXBuildFile; fileRef = 2BF10E882B3413E40009D7B0 /* SettingView.swift */; };
		2BF10E8B2B3414F40009D7B0 /* SettingTableViewCell.swift in Sources */ = {isa = PBXBuildFile; fileRef = 2BF10E8A2B3414F40009D7B0 /* SettingTableViewCell.swift */; };
		2BF10E8D2B3424150009D7B0 /* SettingHeaderView.swift in Sources */ = {isa = PBXBuildFile; fileRef = 2BF10E8C2B3424150009D7B0 /* SettingHeaderView.swift */; };
/* End PBXBuildFile section */

/* Begin PBXFileReference section */
		2B18BC622B664467007636EC /* UIImageView+.swift */ = {isa = PBXFileReference; lastKnownFileType = sourcecode.swift; path = "UIImageView+.swift"; sourceTree = "<group>"; };
		2B21049D2B1F0AEA005CA1F0 /* GTextField.swift */ = {isa = PBXFileReference; lastKnownFileType = sourcecode.swift; path = GTextField.swift; sourceTree = "<group>"; };
		2B34AEAF2B32A12300924B18 /* SwipeViewController.swift */ = {isa = PBXFileReference; lastKnownFileType = sourcecode.swift; path = SwipeViewController.swift; sourceTree = "<group>"; };
		2B34AEB12B32A1D000924B18 /* FirstSwipeViewController.swift */ = {isa = PBXFileReference; lastKnownFileType = sourcecode.swift; path = FirstSwipeViewController.swift; sourceTree = "<group>"; };
		2B34AEB32B32A1EB00924B18 /* SecondSwipeViewController.swift */ = {isa = PBXFileReference; lastKnownFileType = sourcecode.swift; path = SecondSwipeViewController.swift; sourceTree = "<group>"; };
		2B34AEB52B32B1D600924B18 /* FirstSwipeTableViewCell.swift */ = {isa = PBXFileReference; lastKnownFileType = sourcecode.swift; path = FirstSwipeTableViewCell.swift; sourceTree = "<group>"; };
		2B34AEB72B32B34600924B18 /* FirstSwipeView.swift */ = {isa = PBXFileReference; lastKnownFileType = sourcecode.swift; path = FirstSwipeView.swift; sourceTree = "<group>"; };
		2B34AEBC2B32D80D00924B18 /* SecondSwipeView.swift */ = {isa = PBXFileReference; lastKnownFileType = sourcecode.swift; path = SecondSwipeView.swift; sourceTree = "<group>"; };
		2B34AEBE2B32D8C300924B18 /* SecondSwipeCollectionViewCell.swift */ = {isa = PBXFileReference; lastKnownFileType = sourcecode.swift; path = SecondSwipeCollectionViewCell.swift; sourceTree = "<group>"; };
		2B53A1012B4577370077BF6C /* Date+.swift */ = {isa = PBXFileReference; lastKnownFileType = sourcecode.swift; path = "Date+.swift"; sourceTree = "<group>"; };
		2B61ACDD2B107B0E00C3F29E /* Alert+.swift */ = {isa = PBXFileReference; lastKnownFileType = sourcecode.swift; path = "Alert+.swift"; sourceTree = "<group>"; };
		2B61ACE02B12543C00C3F29E /* RandomNickname.json */ = {isa = PBXFileReference; lastKnownFileType = text.json; path = RandomNickname.json; sourceTree = "<group>"; };
		2B61ACE22B1256AC00C3F29E /* NicknameDataManager.swift */ = {isa = PBXFileReference; lastKnownFileType = sourcecode.swift; path = NicknameDataManager.swift; sourceTree = "<group>"; };
		2B61ACE52B12573400C3F29E /* NicknameDataModel.swift */ = {isa = PBXFileReference; lastKnownFileType = sourcecode.swift; path = NicknameDataModel.swift; sourceTree = "<group>"; };
		2B61ACE72B12777600C3F29E /* GImageButton.swift */ = {isa = PBXFileReference; lastKnownFileType = sourcecode.swift; path = GImageButton.swift; sourceTree = "<group>"; };
		2B6D6DE82B09DF31004A8DA9 /* GPasswordTextField.swift */ = {isa = PBXFileReference; lastKnownFileType = sourcecode.swift; path = GPasswordTextField.swift; sourceTree = "<group>"; };
		2B6D6DEA2B09F62A004A8DA9 /* BaseViewModel.swift */ = {isa = PBXFileReference; lastKnownFileType = sourcecode.swift; path = BaseViewModel.swift; sourceTree = "<group>"; };
		2B6D6DEE2B09F805004A8DA9 /* JoinStep1ViewModel.swift */ = {isa = PBXFileReference; lastKnownFileType = sourcecode.swift; path = JoinStep1ViewModel.swift; sourceTree = "<group>"; };
		2B6D6E1F2B0B440D004A8DA9 /* .gitignore */ = {isa = PBXFileReference; lastKnownFileType = text; path = .gitignore; sourceTree = "<group>"; };
		2B6D6E292B0B5480004A8DA9 /* JoinAPI.swift */ = {isa = PBXFileReference; lastKnownFileType = sourcecode.swift; path = JoinAPI.swift; sourceTree = "<group>"; };
		2B6D6E2C2B0B5491004A8DA9 /* APIKey.swift */ = {isa = PBXFileReference; lastKnownFileType = sourcecode.swift; path = APIKey.swift; sourceTree = "<group>"; };
		2B6D6E302B0B6CFD004A8DA9 /* JoinModel.swift */ = {isa = PBXFileReference; lastKnownFileType = sourcecode.swift; path = JoinModel.swift; sourceTree = "<group>"; };
		2B6D6E522B0CC362004A8DA9 /* APIError.swift */ = {isa = PBXFileReference; lastKnownFileType = sourcecode.swift; path = APIError.swift; sourceTree = "<group>"; };
		2B6D6E5C2B0DAA5A004A8DA9 /* JoinAPIManager.swift */ = {isa = PBXFileReference; lastKnownFileType = sourcecode.swift; path = JoinAPIManager.swift; sourceTree = "<group>"; };
		2B76B8E12B25905E00F19F7C /* AuthInterceptor.swift */ = {isa = PBXFileReference; lastKnownFileType = sourcecode.swift; path = AuthInterceptor.swift; sourceTree = "<group>"; };
		2B76B8E32B25D79E00F19F7C /* GBorderImageView.swift */ = {isa = PBXFileReference; lastKnownFileType = sourcecode.swift; path = GBorderImageView.swift; sourceTree = "<group>"; };
		2B76B8E62B26207200F19F7C /* GBackView.swift */ = {isa = PBXFileReference; lastKnownFileType = sourcecode.swift; path = GBackView.swift; sourceTree = "<group>"; };
		2B76B8F42B27543200F19F7C /* UserLoginManager.swift */ = {isa = PBXFileReference; lastKnownFileType = sourcecode.swift; path = UserLoginManager.swift; sourceTree = "<group>"; };
		2B7EE65A2B29819D00C7E9CD /* ProfileViewController.swift */ = {isa = PBXFileReference; lastKnownFileType = sourcecode.swift; path = ProfileViewController.swift; sourceTree = "<group>"; };
		2B7EE65D2B29821700C7E9CD /* ProfileView.swift */ = {isa = PBXFileReference; lastKnownFileType = sourcecode.swift; path = ProfileView.swift; sourceTree = "<group>"; };
		2B7EE6632B2AEDFB00C7E9CD /* DetailView.swift */ = {isa = PBXFileReference; lastKnownFileType = sourcecode.swift; path = DetailView.swift; sourceTree = "<group>"; };
		2B7EE6652B2AEE0900C7E9CD /* DetailViewController.swift */ = {isa = PBXFileReference; lastKnownFileType = sourcecode.swift; path = DetailViewController.swift; sourceTree = "<group>"; };
		2B7EE6672B2B10DB00C7E9CD /* PostTableViewCell.swift */ = {isa = PBXFileReference; lastKnownFileType = sourcecode.swift; path = PostTableViewCell.swift; sourceTree = "<group>"; };
		2B7EE6692B2B10E400C7E9CD /* CommentTableViewCell.swift */ = {isa = PBXFileReference; lastKnownFileType = sourcecode.swift; path = CommentTableViewCell.swift; sourceTree = "<group>"; };
		2B7EE66E2B2C74EC00C7E9CD /* DetailViewModel.swift */ = {isa = PBXFileReference; lastKnownFileType = sourcecode.swift; path = DetailViewModel.swift; sourceTree = "<group>"; };
		2B7EE6702B2CEE8F00C7E9CD /* CustomHeaderView.swift */ = {isa = PBXFileReference; lastKnownFileType = sourcecode.swift; path = CustomHeaderView.swift; sourceTree = "<group>"; };
		2B9406272B133246003FCE94 /* NaviBarButton+.swift */ = {isa = PBXFileReference; lastKnownFileType = sourcecode.swift; path = "NaviBarButton+.swift"; sourceTree = "<group>"; };
		2B9406292B134146003FCE94 /* JoinStep2ViewModel.swift */ = {isa = PBXFileReference; lastKnownFileType = sourcecode.swift; path = JoinStep2ViewModel.swift; sourceTree = "<group>"; };
		2B94062D2B139809003FCE94 /* KeychainManager.swift */ = {isa = PBXFileReference; lastKnownFileType = sourcecode.swift; path = KeychainManager.swift; sourceTree = "<group>"; };
		2B94063C2B14749E003FCE94 /* LoginViewModel.swift */ = {isa = PBXFileReference; lastKnownFileType = sourcecode.swift; path = LoginViewModel.swift; sourceTree = "<group>"; };
		2B94063E2B1498B0003FCE94 /* Notification+.swift */ = {isa = PBXFileReference; lastKnownFileType = sourcecode.swift; path = "Notification+.swift"; sourceTree = "<group>"; };
		2B9406402B14DB44003FCE94 /* 창원단감아삭체.otf */ = {isa = PBXFileReference; lastKnownFileType = file; path = "창원단감아삭체.otf"; sourceTree = "<group>"; };
		2B94064B2B1602EC003FCE94 /* PostModel.swift */ = {isa = PBXFileReference; lastKnownFileType = sourcecode.swift; path = PostModel.swift; sourceTree = "<group>"; };
		2B94064D2B1602F5003FCE94 /* PostAPI.swift */ = {isa = PBXFileReference; lastKnownFileType = sourcecode.swift; path = PostAPI.swift; sourceTree = "<group>"; };
		2B9406682B17244C003FCE94 /* PostAPIManager.swift */ = {isa = PBXFileReference; lastKnownFileType = sourcecode.swift; path = PostAPIManager.swift; sourceTree = "<group>"; };
		2BBBBDB92B2888C70035179C /* Constant.swift */ = {isa = PBXFileReference; lastKnownFileType = sourcecode.swift; path = Constant.swift; sourceTree = "<group>"; };
		2BC555BC2B3701480042620E /* RankingView.swift */ = {isa = PBXFileReference; lastKnownFileType = sourcecode.swift; path = RankingView.swift; sourceTree = "<group>"; };
		2BC555BE2B3701580042620E /* RankingViewController.swift */ = {isa = PBXFileReference; lastKnownFileType = sourcecode.swift; path = RankingViewController.swift; sourceTree = "<group>"; };
		2BC60D1A2B18ACF50016584E /* HomeViewController.swift */ = {isa = PBXFileReference; lastKnownFileType = sourcecode.swift; path = HomeViewController.swift; sourceTree = "<group>"; };
		2BC60D1C2B18ACFD0016584E /* HomeView.swift */ = {isa = PBXFileReference; lastKnownFileType = sourcecode.swift; path = HomeView.swift; sourceTree = "<group>"; };
		2BC60D1E2B18AD060016584E /* HomeViewModel.swift */ = {isa = PBXFileReference; lastKnownFileType = sourcecode.swift; path = HomeViewModel.swift; sourceTree = "<group>"; };
		2BC60D442B19C7580016584E /* BaseCollectionViewCell.swift */ = {isa = PBXFileReference; lastKnownFileType = sourcecode.swift; path = BaseCollectionViewCell.swift; sourceTree = "<group>"; };
		2BC60D4B2B1C4CD10016584E /* BaseTableViewCell.swift */ = {isa = PBXFileReference; lastKnownFileType = sourcecode.swift; path = BaseTableViewCell.swift; sourceTree = "<group>"; };
		2BC60D532B1C55550016584E /* ReusableViewProtocol+.swift */ = {isa = PBXFileReference; lastKnownFileType = sourcecode.swift; path = "ReusableViewProtocol+.swift"; sourceTree = "<group>"; };
		2BC60D552B1C56590016584E /* HomeTableViewCell.swift */ = {isa = PBXFileReference; lastKnownFileType = sourcecode.swift; path = HomeTableViewCell.swift; sourceTree = "<group>"; };
		2BC60D5A2B1C5EE00016584E /* ImageCollectionViewCell.swift */ = {isa = PBXFileReference; lastKnownFileType = sourcecode.swift; path = ImageCollectionViewCell.swift; sourceTree = "<group>"; };
		2BC60D5D2B1C97290016584E /* PostViewController.swift */ = {isa = PBXFileReference; lastKnownFileType = sourcecode.swift; path = PostViewController.swift; sourceTree = "<group>"; };
		2BC60D5F2B1C97810016584E /* PostView.swift */ = {isa = PBXFileReference; lastKnownFileType = sourcecode.swift; path = PostView.swift; sourceTree = "<group>"; };
		2BC60D642B1CC3230016584E /* PostCollectionViewCell.swift */ = {isa = PBXFileReference; lastKnownFileType = sourcecode.swift; path = PostCollectionViewCell.swift; sourceTree = "<group>"; };
		2BC60D662B1CD23B0016584E /* PostViewModel.swift */ = {isa = PBXFileReference; lastKnownFileType = sourcecode.swift; path = PostViewModel.swift; sourceTree = "<group>"; };
		2BD741AD2B06051F006C11B2 /* Blanky.app */ = {isa = PBXFileReference; explicitFileType = wrapper.application; includeInIndex = 0; path = Blanky.app; sourceTree = BUILT_PRODUCTS_DIR; };
		2BD741B02B06051F006C11B2 /* AppDelegate.swift */ = {isa = PBXFileReference; lastKnownFileType = sourcecode.swift; path = AppDelegate.swift; sourceTree = "<group>"; };
		2BD741B22B06051F006C11B2 /* SceneDelegate.swift */ = {isa = PBXFileReference; lastKnownFileType = sourcecode.swift; path = SceneDelegate.swift; sourceTree = "<group>"; };
		2BD741B42B06051F006C11B2 /* InitialViewController.swift */ = {isa = PBXFileReference; lastKnownFileType = sourcecode.swift; path = InitialViewController.swift; sourceTree = "<group>"; };
		2BD741B92B060521006C11B2 /* Assets.xcassets */ = {isa = PBXFileReference; lastKnownFileType = folder.assetcatalog; path = Assets.xcassets; sourceTree = "<group>"; };
		2BD741BC2B060521006C11B2 /* Base */ = {isa = PBXFileReference; lastKnownFileType = file.storyboard; name = Base; path = Base.lproj/LaunchScreen.storyboard; sourceTree = "<group>"; };
		2BD741BE2B060521006C11B2 /* Info.plist */ = {isa = PBXFileReference; lastKnownFileType = text.plist.xml; path = Info.plist; sourceTree = "<group>"; };
		2BD741C92B0607FC006C11B2 /* JoinStep1ViewController.swift */ = {isa = PBXFileReference; lastKnownFileType = sourcecode.swift; path = JoinStep1ViewController.swift; sourceTree = "<group>"; };
		2BD741CB2B061F5C006C11B2 /* LoginViewController.swift */ = {isa = PBXFileReference; lastKnownFileType = sourcecode.swift; path = LoginViewController.swift; sourceTree = "<group>"; };
		2BD741D52B07905F006C11B2 /* BaseView.swift */ = {isa = PBXFileReference; lastKnownFileType = sourcecode.swift; path = BaseView.swift; sourceTree = "<group>"; };
		2BD741D72B079084006C11B2 /* BaseViewController.swift */ = {isa = PBXFileReference; lastKnownFileType = sourcecode.swift; path = BaseViewController.swift; sourceTree = "<group>"; };
		2BD741DC2B079469006C11B2 /* LoginView.swift */ = {isa = PBXFileReference; lastKnownFileType = sourcecode.swift; path = LoginView.swift; sourceTree = "<group>"; };
		2BD741E02B079A8B006C11B2 /* Pretendard-Light.otf */ = {isa = PBXFileReference; lastKnownFileType = file; path = "Pretendard-Light.otf"; sourceTree = "<group>"; };
		2BD741E12B079A8B006C11B2 /* Pretendard-SemiBold.otf */ = {isa = PBXFileReference; lastKnownFileType = file; path = "Pretendard-SemiBold.otf"; sourceTree = "<group>"; };
		2BD741E22B079A8B006C11B2 /* Pretendard-Regular.otf */ = {isa = PBXFileReference; lastKnownFileType = file; path = "Pretendard-Regular.otf"; sourceTree = "<group>"; };
		2BD741E32B079A8B006C11B2 /* Pretendard-Thin.otf */ = {isa = PBXFileReference; lastKnownFileType = file; path = "Pretendard-Thin.otf"; sourceTree = "<group>"; };
		2BD741E42B079A8C006C11B2 /* Pretendard-Medium.otf */ = {isa = PBXFileReference; lastKnownFileType = file; path = "Pretendard-Medium.otf"; sourceTree = "<group>"; };
		2BD741EA2B079A97006C11B2 /* Pretendard-Bold.otf */ = {isa = PBXFileReference; lastKnownFileType = file; path = "Pretendard-Bold.otf"; sourceTree = "<group>"; };
		2BD741EB2B079A97006C11B2 /* Pretendard-Black.otf */ = {isa = PBXFileReference; lastKnownFileType = file; path = "Pretendard-Black.otf"; sourceTree = "<group>"; };
		2BD741F12B079FF8006C11B2 /* Font+.swift */ = {isa = PBXFileReference; lastKnownFileType = sourcecode.swift; path = "Font+.swift"; sourceTree = "<group>"; };
		2BD741F42B07B8D9006C11B2 /* GLabel.swift */ = {isa = PBXFileReference; lastKnownFileType = sourcecode.swift; path = GLabel.swift; sourceTree = "<group>"; };
		2BD741F62B07C708006C11B2 /* GHoshiTextField.swift */ = {isa = PBXFileReference; lastKnownFileType = sourcecode.swift; path = GHoshiTextField.swift; sourceTree = "<group>"; };
		2BD741F82B07CE01006C11B2 /* GDivider.swift */ = {isa = PBXFileReference; lastKnownFileType = sourcecode.swift; path = GDivider.swift; sourceTree = "<group>"; };
		2BD741FA2B088255006C11B2 /* GButton.swift */ = {isa = PBXFileReference; lastKnownFileType = sourcecode.swift; path = GButton.swift; sourceTree = "<group>"; };
		2BD741FC2B088DBA006C11B2 /* GTextButton.swift */ = {isa = PBXFileReference; lastKnownFileType = sourcecode.swift; path = GTextButton.swift; sourceTree = "<group>"; };
		2BD741FE2B08A49C006C11B2 /* JoinStep1View.swift */ = {isa = PBXFileReference; lastKnownFileType = sourcecode.swift; path = JoinStep1View.swift; sourceTree = "<group>"; };
		2BD742002B08DA3C006C11B2 /* JoinStep2ViewController.swift */ = {isa = PBXFileReference; lastKnownFileType = sourcecode.swift; path = JoinStep2ViewController.swift; sourceTree = "<group>"; };
		2BD742022B08DA4B006C11B2 /* JoinStep2View.swift */ = {isa = PBXFileReference; lastKnownFileType = sourcecode.swift; path = JoinStep2View.swift; sourceTree = "<group>"; };
		2BE01DE52B28538900AB6B0F /* RootVCManager.swift */ = {isa = PBXFileReference; lastKnownFileType = sourcecode.swift; path = RootVCManager.swift; sourceTree = "<group>"; };
		2BF10E862B34136B0009D7B0 /* SettingViewController.swift */ = {isa = PBXFileReference; lastKnownFileType = sourcecode.swift; path = SettingViewController.swift; sourceTree = "<group>"; };
		2BF10E882B3413E40009D7B0 /* SettingView.swift */ = {isa = PBXFileReference; lastKnownFileType = sourcecode.swift; path = SettingView.swift; sourceTree = "<group>"; };
		2BF10E8A2B3414F40009D7B0 /* SettingTableViewCell.swift */ = {isa = PBXFileReference; lastKnownFileType = sourcecode.swift; path = SettingTableViewCell.swift; sourceTree = "<group>"; };
		2BF10E8C2B3424150009D7B0 /* SettingHeaderView.swift */ = {isa = PBXFileReference; lastKnownFileType = sourcecode.swift; path = SettingHeaderView.swift; sourceTree = "<group>"; };
/* End PBXFileReference section */

/* Begin PBXFrameworksBuildPhase section */
		2BD741AA2B06051F006C11B2 /* Frameworks */ = {
			isa = PBXFrameworksBuildPhase;
			buildActionMask = 2147483647;
			files = (
				2B6D6E642B0DE611004A8DA9 /* RxSwift in Frameworks */,
				2B6D6DF92B0A3C4F004A8DA9 /* IQKeyboardManagerSwift in Frameworks */,
				2B9406472B15D35C003FCE94 /* SwiftKeychainWrapper in Frameworks */,
				2B6D6E672B0DE629004A8DA9 /* Moya in Frameworks */,
				2BD741DB2B079341006C11B2 /* SnapKit in Frameworks */,
				2B34AEAE2B329E7D00924B18 /* Tabman in Frameworks */,
				2B6D6E602B0DE611004A8DA9 /* RxCocoa in Frameworks */,
				2B6D6DE72B09DE8F004A8DA9 /* Then in Frameworks */,
				2B6D6E692B0DE629004A8DA9 /* RxMoya in Frameworks */,
				2BBBBDB72B2865130035179C /* Kingfisher in Frameworks */,
				2B6D6E622B0DE611004A8DA9 /* RxRelay in Frameworks */,
				2BD742062B08DCEC006C11B2 /* TextFieldEffects in Frameworks */,
			);
			runOnlyForDeploymentPostprocessing = 0;
		};
/* End PBXFrameworksBuildPhase section */

/* Begin PBXGroup section */
		2B34AEB92B32B48D00924B18 /* SwipeView */ = {
			isa = PBXGroup;
			children = (
				2B34AEAF2B32A12300924B18 /* SwipeViewController.swift */,
				2B34AEBA2B32B4A100924B18 /* First */,
				2B34AEBB2B32B4B600924B18 /* Second */,
			);
			path = SwipeView;
			sourceTree = "<group>";
		};
		2B34AEBA2B32B4A100924B18 /* First */ = {
			isa = PBXGroup;
			children = (
				2B34AEB12B32A1D000924B18 /* FirstSwipeViewController.swift */,
				2B34AEB72B32B34600924B18 /* FirstSwipeView.swift */,
				2B34AEB52B32B1D600924B18 /* FirstSwipeTableViewCell.swift */,
			);
			path = First;
			sourceTree = "<group>";
		};
		2B34AEBB2B32B4B600924B18 /* Second */ = {
			isa = PBXGroup;
			children = (
				2B34AEB32B32A1EB00924B18 /* SecondSwipeViewController.swift */,
				2B34AEBC2B32D80D00924B18 /* SecondSwipeView.swift */,
				2B34AEBE2B32D8C300924B18 /* SecondSwipeCollectionViewCell.swift */,
			);
			path = Second;
			sourceTree = "<group>";
		};
		2B412CF62B305F5000087BAF /* ReuseCell */ = {
			isa = PBXGroup;
			children = (
				2BC60D5A2B1C5EE00016584E /* ImageCollectionViewCell.swift */,
			);
			path = ReuseCell;
			sourceTree = "<group>";
		};
		2B61ACDF2B12539600C3F29E /* RandomNickname */ = {
			isa = PBXGroup;
			children = (
				2B61ACE02B12543C00C3F29E /* RandomNickname.json */,
			);
			path = RandomNickname;
			sourceTree = "<group>";
		};
		2B61ACE42B12571E00C3F29E /* RandomNickname */ = {
			isa = PBXGroup;
			children = (
				2B61ACE22B1256AC00C3F29E /* NicknameDataManager.swift */,
				2B61ACE52B12573400C3F29E /* NicknameDataModel.swift */,
			);
			path = RandomNickname;
			sourceTree = "<group>";
		};
		2B6D6DEC2B09F72E004A8DA9 /* JoinStep1 */ = {
			isa = PBXGroup;
			children = (
				2BD741C92B0607FC006C11B2 /* JoinStep1ViewController.swift */,
				2BD741FE2B08A49C006C11B2 /* JoinStep1View.swift */,
				2B6D6DEE2B09F805004A8DA9 /* JoinStep1ViewModel.swift */,
			);
			path = JoinStep1;
			sourceTree = "<group>";
		};
		2B6D6DED2B09F743004A8DA9 /* JoinStep2 */ = {
			isa = PBXGroup;
			children = (
				2BD742002B08DA3C006C11B2 /* JoinStep2ViewController.swift */,
				2BD742022B08DA4B006C11B2 /* JoinStep2View.swift */,
				2B9406292B134146003FCE94 /* JoinStep2ViewModel.swift */,
			);
			path = JoinStep2;
			sourceTree = "<group>";
		};
		2B6D6E212B0B530F004A8DA9 /* Source */ = {
			isa = PBXGroup;
			children = (
				2B6D6E272B0B5451004A8DA9 /* Data */,
				2BD741C52B060774006C11B2 /* Domain */,
				2BD741EE2B079F6E006C11B2 /* Utility */,
			);
			path = Source;
			sourceTree = "<group>";
		};
		2B6D6E272B0B5451004A8DA9 /* Data */ = {
			isa = PBXGroup;
			children = (
				2BE01DE42B28536C00AB6B0F /* RootVCManager */,
				2B76B8F32B27541000F19F7C /* UserLogin */,
				2B94062C2B1397F4003FCE94 /* KeyChain */,
				2B61ACE42B12571E00C3F29E /* RandomNickname */,
				2B6D6E282B0B545C004A8DA9 /* Network */,
			);
			path = Data;
			sourceTree = "<group>";
		};
		2B6D6E282B0B545C004A8DA9 /* Network */ = {
			isa = PBXGroup;
			children = (
				2B6D6E542B0CCFFF004A8DA9 /* API */,
			);
			path = Network;
			sourceTree = "<group>";
		};
		2B6D6E472B0C987C004A8DA9 /* Join */ = {
			isa = PBXGroup;
			children = (
				2B6D6E302B0B6CFD004A8DA9 /* JoinModel.swift */,
				2B6D6E292B0B5480004A8DA9 /* JoinAPI.swift */,
				2B6D6E5C2B0DAA5A004A8DA9 /* JoinAPIManager.swift */,
				2B76B8E12B25905E00F19F7C /* AuthInterceptor.swift */,
			);
			path = Join;
			sourceTree = "<group>";
		};
		2B6D6E542B0CCFFF004A8DA9 /* API */ = {
			isa = PBXGroup;
			children = (
				2B6D6E522B0CC362004A8DA9 /* APIError.swift */,
				2B6D6E2C2B0B5491004A8DA9 /* APIKey.swift */,
				2B6D6E472B0C987C004A8DA9 /* Join */,
				2B94064A2B1602D8003FCE94 /* Post */,
			);
			path = API;
			sourceTree = "<group>";
		};
		2B76B8F32B27541000F19F7C /* UserLogin */ = {
			isa = PBXGroup;
			children = (
				2B76B8F42B27543200F19F7C /* UserLoginManager.swift */,
			);
			path = UserLogin;
			sourceTree = "<group>";
		};
		2B7EE6592B29817F00C7E9CD /* Profile */ = {
			isa = PBXGroup;
			children = (
				2B7EE65A2B29819D00C7E9CD /* ProfileViewController.swift */,
				2B7EE65D2B29821700C7E9CD /* ProfileView.swift */,
				2BF10E852B3413430009D7B0 /* Setting */,
				2B34AEB92B32B48D00924B18 /* SwipeView */,
			);
			path = Profile;
			sourceTree = "<group>";
		};
		2B7EE65C2B2981E300C7E9CD /* Initial */ = {
			isa = PBXGroup;
			children = (
				2BD741B42B06051F006C11B2 /* InitialViewController.swift */,
			);
			path = Initial;
			sourceTree = "<group>";
		};
		2B7EE6622B2AEDE900C7E9CD /* Detail */ = {
			isa = PBXGroup;
			children = (
				2B7EE6652B2AEE0900C7E9CD /* DetailViewController.swift */,
				2B7EE6632B2AEDFB00C7E9CD /* DetailView.swift */,
				2B7EE66E2B2C74EC00C7E9CD /* DetailViewModel.swift */,
				2B7EE6672B2B10DB00C7E9CD /* PostTableViewCell.swift */,
				2B7EE6692B2B10E400C7E9CD /* CommentTableViewCell.swift */,
				2B7EE6702B2CEE8F00C7E9CD /* CustomHeaderView.swift */,
			);
			path = Detail;
			sourceTree = "<group>";
		};
		2B94062C2B1397F4003FCE94 /* KeyChain */ = {
			isa = PBXGroup;
			children = (
				2B94062D2B139809003FCE94 /* KeychainManager.swift */,
			);
			path = KeyChain;
			sourceTree = "<group>";
		};
		2B9406422B14DEEE003FCE94 /* DangamAsac */ = {
			isa = PBXGroup;
			children = (
				2B9406402B14DB44003FCE94 /* 창원단감아삭체.otf */,
			);
			path = DangamAsac;
			sourceTree = "<group>";
		};
		2B94064A2B1602D8003FCE94 /* Post */ = {
			isa = PBXGroup;
			children = (
				2B94064B2B1602EC003FCE94 /* PostModel.swift */,
				2B94064D2B1602F5003FCE94 /* PostAPI.swift */,
				2B9406682B17244C003FCE94 /* PostAPIManager.swift */,
			);
			path = Post;
			sourceTree = "<group>";
		};
		2BBBBDB82B2888B80035179C /* Constant */ = {
			isa = PBXGroup;
			children = (
				2BBBBDB92B2888C70035179C /* Constant.swift */,
			);
			path = Constant;
			sourceTree = "<group>";
		};
		2BC555BB2B3701020042620E /* Ranking */ = {
			isa = PBXGroup;
			children = (
				2BC555BE2B3701580042620E /* RankingViewController.swift */,
				2BC555BC2B3701480042620E /* RankingView.swift */,
			);
			path = Ranking;
			sourceTree = "<group>";
		};
		2BC60D192B18ACC70016584E /* Home */ = {
			isa = PBXGroup;
			children = (
				2BC60D1A2B18ACF50016584E /* HomeViewController.swift */,
				2BC60D1C2B18ACFD0016584E /* HomeView.swift */,
				2BC60D552B1C56590016584E /* HomeTableViewCell.swift */,
				2BC60D1E2B18AD060016584E /* HomeViewModel.swift */,
			);
			path = Home;
			sourceTree = "<group>";
		};
		2BC60D5C2B1C97080016584E /* Post */ = {
			isa = PBXGroup;
			children = (
				2BC60D5D2B1C97290016584E /* PostViewController.swift */,
				2BC60D5F2B1C97810016584E /* PostView.swift */,
				2BC60D642B1CC3230016584E /* PostCollectionViewCell.swift */,
				2BC60D662B1CD23B0016584E /* PostViewModel.swift */,
			);
			path = Post;
			sourceTree = "<group>";
		};
		2BD741A42B06051F006C11B2 = {
			isa = PBXGroup;
			children = (
				2BD741AF2B06051F006C11B2 /* Blanky */,
				2BD741AE2B06051F006C11B2 /* Products */,
			);
			sourceTree = "<group>";
		};
		2BD741AE2B06051F006C11B2 /* Products */ = {
			isa = PBXGroup;
			children = (
				2BD741AD2B06051F006C11B2 /* Blanky.app */,
			);
			name = Products;
			sourceTree = "<group>";
		};
		2BD741AF2B06051F006C11B2 /* Blanky */ = {
			isa = PBXGroup;
			children = (
				2BD741BE2B060521006C11B2 /* Info.plist */,
				2BD741C42B060757006C11B2 /* Application */,
				2B6D6E212B0B530F004A8DA9 /* Source */,
				2BD741C82B0607A8006C11B2 /* Resource */,
				2B6D6E1F2B0B440D004A8DA9 /* .gitignore */,
			);
			path = Blanky;
			sourceTree = "<group>";
		};
		2BD741C42B060757006C11B2 /* Application */ = {
			isa = PBXGroup;
			children = (
				2BD741B02B06051F006C11B2 /* AppDelegate.swift */,
				2BD741B22B06051F006C11B2 /* SceneDelegate.swift */,
			);
			path = Application;
			sourceTree = "<group>";
		};
		2BD741C52B060774006C11B2 /* Domain */ = {
			isa = PBXGroup;
			children = (
				2BD741D42B079050006C11B2 /* Base */,
				2BD741C62B06078D006C11B2 /* View */,
			);
			path = Domain;
			sourceTree = "<group>";
		};
		2BD741C62B06078D006C11B2 /* View */ = {
			isa = PBXGroup;
			children = (
				2BC555BB2B3701020042620E /* Ranking */,
				2B7EE65C2B2981E300C7E9CD /* Initial */,
				2B412CF62B305F5000087BAF /* ReuseCell */,
				2B7EE6622B2AEDE900C7E9CD /* Detail */,
				2B7EE6592B29817F00C7E9CD /* Profile */,
				2BC60D5C2B1C97080016584E /* Post */,
				2BC60D192B18ACC70016584E /* Home */,
				2BD741D32B078FF0006C11B2 /* Login */,
				2BD741C72B060792006C11B2 /* Join */,
			);
			path = View;
			sourceTree = "<group>";
		};
		2BD741C72B060792006C11B2 /* Join */ = {
			isa = PBXGroup;
			children = (
				2B6D6DEC2B09F72E004A8DA9 /* JoinStep1 */,
				2B6D6DED2B09F743004A8DA9 /* JoinStep2 */,
			);
			path = Join;
			sourceTree = "<group>";
		};
		2BD741C82B0607A8006C11B2 /* Resource */ = {
			isa = PBXGroup;
			children = (
				2B61ACDF2B12539600C3F29E /* RandomNickname */,
				2BD741DE2B079A4A006C11B2 /* Font */,
				2BD741BB2B060521006C11B2 /* LaunchScreen.storyboard */,
				2BD741B92B060521006C11B2 /* Assets.xcassets */,
			);
			path = Resource;
			sourceTree = "<group>";
		};
		2BD741D32B078FF0006C11B2 /* Login */ = {
			isa = PBXGroup;
			children = (
				2BD741CB2B061F5C006C11B2 /* LoginViewController.swift */,
				2BD741DC2B079469006C11B2 /* LoginView.swift */,
				2B94063C2B14749E003FCE94 /* LoginViewModel.swift */,
			);
			path = Login;
			sourceTree = "<group>";
		};
		2BD741D42B079050006C11B2 /* Base */ = {
			isa = PBXGroup;
			children = (
				2BD741D52B07905F006C11B2 /* BaseView.swift */,
				2BD741D72B079084006C11B2 /* BaseViewController.swift */,
				2B6D6DEA2B09F62A004A8DA9 /* BaseViewModel.swift */,
				2BC60D4B2B1C4CD10016584E /* BaseTableViewCell.swift */,
				2BC60D442B19C7580016584E /* BaseCollectionViewCell.swift */,
			);
			path = Base;
			sourceTree = "<group>";
		};
		2BD741DE2B079A4A006C11B2 /* Font */ = {
			isa = PBXGroup;
			children = (
				2B9406422B14DEEE003FCE94 /* DangamAsac */,
				2BD741DF2B079A53006C11B2 /* Pretendard */,
			);
			path = Font;
			sourceTree = "<group>";
		};
		2BD741DF2B079A53006C11B2 /* Pretendard */ = {
			isa = PBXGroup;
			children = (
				2BD741EB2B079A97006C11B2 /* Pretendard-Black.otf */,
				2BD741EA2B079A97006C11B2 /* Pretendard-Bold.otf */,
				2BD741E02B079A8B006C11B2 /* Pretendard-Light.otf */,
				2BD741E42B079A8C006C11B2 /* Pretendard-Medium.otf */,
				2BD741E22B079A8B006C11B2 /* Pretendard-Regular.otf */,
				2BD741E12B079A8B006C11B2 /* Pretendard-SemiBold.otf */,
				2BD741E32B079A8B006C11B2 /* Pretendard-Thin.otf */,
			);
			path = Pretendard;
			sourceTree = "<group>";
		};
		2BD741EE2B079F6E006C11B2 /* Utility */ = {
			isa = PBXGroup;
			children = (
				2BD741EF2B079F92006C11B2 /* DesignSystem */,
			);
			path = Utility;
			sourceTree = "<group>";
		};
		2BD741EF2B079F92006C11B2 /* DesignSystem */ = {
			isa = PBXGroup;
			children = (
				2BBBBDB82B2888B80035179C /* Constant */,
				2BD741F32B07B8C7006C11B2 /* Component */,
				2BD741F02B079FAF006C11B2 /* Extension */,
			);
			path = DesignSystem;
			sourceTree = "<group>";
		};
		2BD741F02B079FAF006C11B2 /* Extension */ = {
			isa = PBXGroup;
			children = (
				2BD741F12B079FF8006C11B2 /* Font+.swift */,
				2B61ACDD2B107B0E00C3F29E /* Alert+.swift */,
				2B9406272B133246003FCE94 /* NaviBarButton+.swift */,
				2B94063E2B1498B0003FCE94 /* Notification+.swift */,
				2BC60D532B1C55550016584E /* ReusableViewProtocol+.swift */,
				2B53A1012B4577370077BF6C /* Date+.swift */,
				2B18BC622B664467007636EC /* UIImageView+.swift */,
			);
			path = Extension;
			sourceTree = "<group>";
		};
		2BD741F32B07B8C7006C11B2 /* Component */ = {
			isa = PBXGroup;
			children = (
				2BD741F42B07B8D9006C11B2 /* GLabel.swift */,
				2B21049D2B1F0AEA005CA1F0 /* GTextField.swift */,
				2BD741F62B07C708006C11B2 /* GHoshiTextField.swift */,
				2B6D6DE82B09DF31004A8DA9 /* GPasswordTextField.swift */,
				2BD741F82B07CE01006C11B2 /* GDivider.swift */,
				2BD741FA2B088255006C11B2 /* GButton.swift */,
				2BD741FC2B088DBA006C11B2 /* GTextButton.swift */,
				2B61ACE72B12777600C3F29E /* GImageButton.swift */,
				2B76B8E32B25D79E00F19F7C /* GBorderImageView.swift */,
				2B76B8E62B26207200F19F7C /* GBackView.swift */,
			);
			path = Component;
			sourceTree = "<group>";
		};
		2BE01DE42B28536C00AB6B0F /* RootVCManager */ = {
			isa = PBXGroup;
			children = (
				2BE01DE52B28538900AB6B0F /* RootVCManager.swift */,
			);
			path = RootVCManager;
			sourceTree = "<group>";
		};
		2BF10E852B3413430009D7B0 /* Setting */ = {
			isa = PBXGroup;
			children = (
				2BF10E862B34136B0009D7B0 /* SettingViewController.swift */,
				2BF10E882B3413E40009D7B0 /* SettingView.swift */,
				2BF10E8A2B3414F40009D7B0 /* SettingTableViewCell.swift */,
				2BF10E8C2B3424150009D7B0 /* SettingHeaderView.swift */,
			);
			path = Setting;
			sourceTree = "<group>";
		};
/* End PBXGroup section */

/* Begin PBXNativeTarget section */
		2BD741AC2B06051F006C11B2 /* Blanky */ = {
			isa = PBXNativeTarget;
			buildConfigurationList = 2BD741C12B060521006C11B2 /* Build configuration list for PBXNativeTarget "Blanky" */;
			buildPhases = (
				2BD741A92B06051F006C11B2 /* Sources */,
				2BD741AA2B06051F006C11B2 /* Frameworks */,
				2BD741AB2B06051F006C11B2 /* Resources */,
			);
			buildRules = (
			);
			dependencies = (
			);
			name = Blanky;
			packageProductDependencies = (
				2BD741DA2B079341006C11B2 /* SnapKit */,
				2BD742052B08DCEC006C11B2 /* TextFieldEffects */,
				2B6D6DE62B09DE8F004A8DA9 /* Then */,
				2B6D6DF82B0A3C4F004A8DA9 /* IQKeyboardManagerSwift */,
				2B6D6E5F2B0DE611004A8DA9 /* RxCocoa */,
				2B6D6E612B0DE611004A8DA9 /* RxRelay */,
				2B6D6E632B0DE611004A8DA9 /* RxSwift */,
				2B6D6E662B0DE629004A8DA9 /* Moya */,
				2B6D6E682B0DE629004A8DA9 /* RxMoya */,
				2B9406462B15D35C003FCE94 /* SwiftKeychainWrapper */,
				2BBBBDB62B2865130035179C /* Kingfisher */,
				2B34AEAD2B329E7D00924B18 /* Tabman */,
			);
			productName = Blanky;
			productReference = 2BD741AD2B06051F006C11B2 /* Blanky.app */;
			productType = "com.apple.product-type.application";
		};
/* End PBXNativeTarget section */

/* Begin PBXProject section */
		2BD741A52B06051F006C11B2 /* Project object */ = {
			isa = PBXProject;
			attributes = {
				BuildIndependentTargetsInParallel = 1;
				LastSwiftUpdateCheck = 1500;
				LastUpgradeCheck = 1500;
				TargetAttributes = {
					2BD741AC2B06051F006C11B2 = {
						CreatedOnToolsVersion = 15.0.1;
					};
				};
			};
			buildConfigurationList = 2BD741A82B06051F006C11B2 /* Build configuration list for PBXProject "Blanky" */;
			compatibilityVersion = "Xcode 14.0";
			developmentRegion = en;
			hasScannedForEncodings = 0;
			knownRegions = (
				en,
				Base,
			);
			mainGroup = 2BD741A42B06051F006C11B2;
			packageReferences = (
				2BD741D92B079341006C11B2 /* XCRemoteSwiftPackageReference "SnapKit" */,
				2BD742042B08DCEC006C11B2 /* XCRemoteSwiftPackageReference "TextFieldEffects" */,
				2B6D6DE52B09DE8F004A8DA9 /* XCRemoteSwiftPackageReference "Then" */,
				2B6D6DF72B0A3C4F004A8DA9 /* XCRemoteSwiftPackageReference "IQKeyboardManager" */,
				2B6D6E5E2B0DE611004A8DA9 /* XCRemoteSwiftPackageReference "RxSwift" */,
				2B6D6E652B0DE629004A8DA9 /* XCRemoteSwiftPackageReference "Moya" */,
				2B9406452B15D35C003FCE94 /* XCRemoteSwiftPackageReference "SwiftKeychainWrapper" */,
				2BBBBDB52B2865130035179C /* XCRemoteSwiftPackageReference "Kingfisher" */,
				2B34AEAC2B329E7D00924B18 /* XCRemoteSwiftPackageReference "Tabman" */,
			);
			productRefGroup = 2BD741AE2B06051F006C11B2 /* Products */;
			projectDirPath = "";
			projectRoot = "";
			targets = (
				2BD741AC2B06051F006C11B2 /* Blanky */,
			);
		};
/* End PBXProject section */

/* Begin PBXResourcesBuildPhase section */
		2BD741AB2B06051F006C11B2 /* Resources */ = {
			isa = PBXResourcesBuildPhase;
			buildActionMask = 2147483647;
			files = (
				2B6D6E202B0B440D004A8DA9 /* .gitignore in Resources */,
				2B61ACE12B12543C00C3F29E /* RandomNickname.json in Resources */,
				2BD741E92B079A8C006C11B2 /* Pretendard-Medium.otf in Resources */,
				2BD741EC2B079A97006C11B2 /* Pretendard-Bold.otf in Resources */,
				2BD741BD2B060521006C11B2 /* LaunchScreen.storyboard in Resources */,
				2BD741BA2B060521006C11B2 /* Assets.xcassets in Resources */,
				2BD741ED2B079A97006C11B2 /* Pretendard-Black.otf in Resources */,
				2B9406412B14DB44003FCE94 /* 창원단감아삭체.otf in Resources */,
				2BD741E72B079A8C006C11B2 /* Pretendard-Regular.otf in Resources */,
				2BD741E82B079A8C006C11B2 /* Pretendard-Thin.otf in Resources */,
				2BD741E52B079A8C006C11B2 /* Pretendard-Light.otf in Resources */,
				2BD741E62B079A8C006C11B2 /* Pretendard-SemiBold.otf in Resources */,
			);
			runOnlyForDeploymentPostprocessing = 0;
		};
/* End PBXResourcesBuildPhase section */

/* Begin PBXSourcesBuildPhase section */
		2BD741A92B06051F006C11B2 /* Sources */ = {
			isa = PBXSourcesBuildPhase;
			buildActionMask = 2147483647;
			files = (
				2B76B8E22B25905E00F19F7C /* AuthInterceptor.swift in Sources */,
				2BC60D672B1CD23B0016584E /* PostViewModel.swift in Sources */,
				2B61ACE82B12777600C3F29E /* GImageButton.swift in Sources */,
				2B61ACE32B1256AC00C3F29E /* NicknameDataManager.swift in Sources */,
				2B76B8E42B25D79E00F19F7C /* GBorderImageView.swift in Sources */,
				2BD741B52B06051F006C11B2 /* InitialViewController.swift in Sources */,
				2BC60D1F2B18AD060016584E /* HomeViewModel.swift in Sources */,
				2B7EE6682B2B10DB00C7E9CD /* PostTableViewCell.swift in Sources */,
				2B6D6E532B0CC362004A8DA9 /* APIError.swift in Sources */,
				2BC60D652B1CC3230016584E /* PostCollectionViewCell.swift in Sources */,
				2BC555BF2B3701580042620E /* RankingViewController.swift in Sources */,
				2B7EE65B2B29819D00C7E9CD /* ProfileViewController.swift in Sources */,
				2B61ACDE2B107B0E00C3F29E /* Alert+.swift in Sources */,
				2B6D6E5D2B0DAA5A004A8DA9 /* JoinAPIManager.swift in Sources */,
				2B76B8E72B26207200F19F7C /* GBackView.swift in Sources */,
				2BC60D542B1C55550016584E /* ReusableViewProtocol+.swift in Sources */,
				2BC60D5E2B1C97290016584E /* PostViewController.swift in Sources */,
				2B7EE6712B2CEE8F00C7E9CD /* CustomHeaderView.swift in Sources */,
				2B34AEBF2B32D8C300924B18 /* SecondSwipeCollectionViewCell.swift in Sources */,
				2B61ACE62B12573400C3F29E /* NicknameDataModel.swift in Sources */,
				2B34AEB22B32A1D000924B18 /* FirstSwipeViewController.swift in Sources */,
				2BC60D602B1C97810016584E /* PostView.swift in Sources */,
				2BC555BD2B3701480042620E /* RankingView.swift in Sources */,
				2B6D6DE92B09DF31004A8DA9 /* GPasswordTextField.swift in Sources */,
				2BD741F52B07B8D9006C11B2 /* GLabel.swift in Sources */,
				2B9406692B17244C003FCE94 /* PostAPIManager.swift in Sources */,
				2B34AEB82B32B34600924B18 /* FirstSwipeView.swift in Sources */,
				2B7EE66A2B2B10E400C7E9CD /* CommentTableViewCell.swift in Sources */,
				2BD742012B08DA3C006C11B2 /* JoinStep2ViewController.swift in Sources */,
				2BC60D4C2B1C4CD10016584E /* BaseTableViewCell.swift in Sources */,
				2BD741B12B06051F006C11B2 /* AppDelegate.swift in Sources */,
				2BD741CA2B0607FC006C11B2 /* JoinStep1ViewController.swift in Sources */,
				2BC60D5B2B1C5EE00016584E /* ImageCollectionViewCell.swift in Sources */,
				2B6D6E2D2B0B5491004A8DA9 /* APIKey.swift in Sources */,
				2BD742032B08DA4B006C11B2 /* JoinStep2View.swift in Sources */,
				2B7EE6662B2AEE0900C7E9CD /* DetailViewController.swift in Sources */,
				2BC60D1D2B18ACFD0016584E /* HomeView.swift in Sources */,
				2B21049E2B1F0AEA005CA1F0 /* GTextField.swift in Sources */,
				2BD741F22B079FF8006C11B2 /* Font+.swift in Sources */,
				2B53A1022B4577370077BF6C /* Date+.swift in Sources */,
				2B34AEB62B32B1D600924B18 /* FirstSwipeTableViewCell.swift in Sources */,
				2B94062A2B134146003FCE94 /* JoinStep2ViewModel.swift in Sources */,
				2B6D6DEF2B09F805004A8DA9 /* JoinStep1ViewModel.swift in Sources */,
				2B34AEBD2B32D80D00924B18 /* SecondSwipeView.swift in Sources */,
				2BD741D62B07905F006C11B2 /* BaseView.swift in Sources */,
				2B94064E2B1602F5003FCE94 /* PostAPI.swift in Sources */,
				2BD741F92B07CE01006C11B2 /* GDivider.swift in Sources */,
				2BC60D1B2B18ACF50016584E /* HomeViewController.swift in Sources */,
				2BBBBDBA2B2888C70035179C /* Constant.swift in Sources */,
				2B34AEB02B32A12300924B18 /* SwipeViewController.swift in Sources */,
				2BF10E8D2B3424150009D7B0 /* SettingHeaderView.swift in Sources */,
				2B94064C2B1602EC003FCE94 /* PostModel.swift in Sources */,
				2B94063F2B1498B0003FCE94 /* Notification+.swift in Sources */,
				2BF10E892B3413E40009D7B0 /* SettingView.swift in Sources */,
				2B7EE6642B2AEDFB00C7E9CD /* DetailView.swift in Sources */,
				2BD741FF2B08A49C006C11B2 /* JoinStep1View.swift in Sources */,
				2B7EE65E2B29821700C7E9CD /* ProfileView.swift in Sources */,
				2B94063D2B14749E003FCE94 /* LoginViewModel.swift in Sources */,
				2BD741CC2B061F5C006C11B2 /* LoginViewController.swift in Sources */,
				2B6D6E312B0B6CFD004A8DA9 /* JoinModel.swift in Sources */,
				2B94062E2B139809003FCE94 /* KeychainManager.swift in Sources */,
				2B6D6E2A2B0B5480004A8DA9 /* JoinAPI.swift in Sources */,
				2BC60D452B19C7580016584E /* BaseCollectionViewCell.swift in Sources */,
				2B76B8F52B27543200F19F7C /* UserLoginManager.swift in Sources */,
				2BF10E872B34136B0009D7B0 /* SettingViewController.swift in Sources */,
				2BD741D82B079084006C11B2 /* BaseViewController.swift in Sources */,
				2BE01DE62B28538900AB6B0F /* RootVCManager.swift in Sources */,
				2BC60D562B1C56590016584E /* HomeTableViewCell.swift in Sources */,
				2BD741FB2B088255006C11B2 /* GButton.swift in Sources */,
				2B9406282B133246003FCE94 /* NaviBarButton+.swift in Sources */,
				2B34AEB42B32A1EB00924B18 /* SecondSwipeViewController.swift in Sources */,
				2B6D6DEB2B09F62A004A8DA9 /* BaseViewModel.swift in Sources */,
				2B7EE66F2B2C74EC00C7E9CD /* DetailViewModel.swift in Sources */,
				2BD741DD2B079469006C11B2 /* LoginView.swift in Sources */,
				2BD741FD2B088DBA006C11B2 /* GTextButton.swift in Sources */,
				2BD741B32B06051F006C11B2 /* SceneDelegate.swift in Sources */,
				2BF10E8B2B3414F40009D7B0 /* SettingTableViewCell.swift in Sources */,
				2B18BC632B664467007636EC /* UIImageView+.swift in Sources */,
				2BD741F72B07C708006C11B2 /* GHoshiTextField.swift in Sources */,
			);
			runOnlyForDeploymentPostprocessing = 0;
		};
/* End PBXSourcesBuildPhase section */

/* Begin PBXVariantGroup section */
		2BD741BB2B060521006C11B2 /* LaunchScreen.storyboard */ = {
			isa = PBXVariantGroup;
			children = (
				2BD741BC2B060521006C11B2 /* Base */,
			);
			name = LaunchScreen.storyboard;
			sourceTree = "<group>";
		};
/* End PBXVariantGroup section */

/* Begin XCBuildConfiguration section */
		2BD741BF2B060521006C11B2 /* Debug */ = {
			isa = XCBuildConfiguration;
			buildSettings = {
				ALWAYS_SEARCH_USER_PATHS = NO;
				ASSETCATALOG_COMPILER_GENERATE_SWIFT_ASSET_SYMBOL_EXTENSIONS = YES;
				CLANG_ANALYZER_NONNULL = YES;
				CLANG_ANALYZER_NUMBER_OBJECT_CONVERSION = YES_AGGRESSIVE;
				CLANG_CXX_LANGUAGE_STANDARD = "gnu++20";
				CLANG_ENABLE_MODULES = YES;
				CLANG_ENABLE_OBJC_ARC = YES;
				CLANG_ENABLE_OBJC_WEAK = YES;
				CLANG_WARN_BLOCK_CAPTURE_AUTORELEASING = YES;
				CLANG_WARN_BOOL_CONVERSION = YES;
				CLANG_WARN_COMMA = YES;
				CLANG_WARN_CONSTANT_CONVERSION = YES;
				CLANG_WARN_DEPRECATED_OBJC_IMPLEMENTATIONS = YES;
				CLANG_WARN_DIRECT_OBJC_ISA_USAGE = YES_ERROR;
				CLANG_WARN_DOCUMENTATION_COMMENTS = YES;
				CLANG_WARN_EMPTY_BODY = YES;
				CLANG_WARN_ENUM_CONVERSION = YES;
				CLANG_WARN_INFINITE_RECURSION = YES;
				CLANG_WARN_INT_CONVERSION = YES;
				CLANG_WARN_NON_LITERAL_NULL_CONVERSION = YES;
				CLANG_WARN_OBJC_IMPLICIT_RETAIN_SELF = YES;
				CLANG_WARN_OBJC_LITERAL_CONVERSION = YES;
				CLANG_WARN_OBJC_ROOT_CLASS = YES_ERROR;
				CLANG_WARN_QUOTED_INCLUDE_IN_FRAMEWORK_HEADER = YES;
				CLANG_WARN_RANGE_LOOP_ANALYSIS = YES;
				CLANG_WARN_STRICT_PROTOTYPES = YES;
				CLANG_WARN_SUSPICIOUS_MOVE = YES;
				CLANG_WARN_UNGUARDED_AVAILABILITY = YES_AGGRESSIVE;
				CLANG_WARN_UNREACHABLE_CODE = YES;
				CLANG_WARN__DUPLICATE_METHOD_MATCH = YES;
				COPY_PHASE_STRIP = NO;
				DEBUG_INFORMATION_FORMAT = dwarf;
				ENABLE_STRICT_OBJC_MSGSEND = YES;
				ENABLE_TESTABILITY = YES;
				ENABLE_USER_SCRIPT_SANDBOXING = YES;
				GCC_C_LANGUAGE_STANDARD = gnu17;
				GCC_DYNAMIC_NO_PIC = NO;
				GCC_NO_COMMON_BLOCKS = YES;
				GCC_OPTIMIZATION_LEVEL = 0;
				GCC_PREPROCESSOR_DEFINITIONS = (
					"DEBUG=1",
					"$(inherited)",
				);
				GCC_WARN_64_TO_32_BIT_CONVERSION = YES;
				GCC_WARN_ABOUT_RETURN_TYPE = YES_ERROR;
				GCC_WARN_UNDECLARED_SELECTOR = YES;
				GCC_WARN_UNINITIALIZED_AUTOS = YES_AGGRESSIVE;
				GCC_WARN_UNUSED_FUNCTION = YES;
				GCC_WARN_UNUSED_VARIABLE = YES;
				IPHONEOS_DEPLOYMENT_TARGET = 17.0;
				LOCALIZATION_PREFERS_STRING_CATALOGS = YES;
				MTL_ENABLE_DEBUG_INFO = INCLUDE_SOURCE;
				MTL_FAST_MATH = YES;
				ONLY_ACTIVE_ARCH = YES;
				SDKROOT = iphoneos;
				SWIFT_ACTIVE_COMPILATION_CONDITIONS = "DEBUG $(inherited)";
				SWIFT_OPTIMIZATION_LEVEL = "-Onone";
			};
			name = Debug;
		};
		2BD741C02B060521006C11B2 /* Release */ = {
			isa = XCBuildConfiguration;
			buildSettings = {
				ALWAYS_SEARCH_USER_PATHS = NO;
				ASSETCATALOG_COMPILER_GENERATE_SWIFT_ASSET_SYMBOL_EXTENSIONS = YES;
				CLANG_ANALYZER_NONNULL = YES;
				CLANG_ANALYZER_NUMBER_OBJECT_CONVERSION = YES_AGGRESSIVE;
				CLANG_CXX_LANGUAGE_STANDARD = "gnu++20";
				CLANG_ENABLE_MODULES = YES;
				CLANG_ENABLE_OBJC_ARC = YES;
				CLANG_ENABLE_OBJC_WEAK = YES;
				CLANG_WARN_BLOCK_CAPTURE_AUTORELEASING = YES;
				CLANG_WARN_BOOL_CONVERSION = YES;
				CLANG_WARN_COMMA = YES;
				CLANG_WARN_CONSTANT_CONVERSION = YES;
				CLANG_WARN_DEPRECATED_OBJC_IMPLEMENTATIONS = YES;
				CLANG_WARN_DIRECT_OBJC_ISA_USAGE = YES_ERROR;
				CLANG_WARN_DOCUMENTATION_COMMENTS = YES;
				CLANG_WARN_EMPTY_BODY = YES;
				CLANG_WARN_ENUM_CONVERSION = YES;
				CLANG_WARN_INFINITE_RECURSION = YES;
				CLANG_WARN_INT_CONVERSION = YES;
				CLANG_WARN_NON_LITERAL_NULL_CONVERSION = YES;
				CLANG_WARN_OBJC_IMPLICIT_RETAIN_SELF = YES;
				CLANG_WARN_OBJC_LITERAL_CONVERSION = YES;
				CLANG_WARN_OBJC_ROOT_CLASS = YES_ERROR;
				CLANG_WARN_QUOTED_INCLUDE_IN_FRAMEWORK_HEADER = YES;
				CLANG_WARN_RANGE_LOOP_ANALYSIS = YES;
				CLANG_WARN_STRICT_PROTOTYPES = YES;
				CLANG_WARN_SUSPICIOUS_MOVE = YES;
				CLANG_WARN_UNGUARDED_AVAILABILITY = YES_AGGRESSIVE;
				CLANG_WARN_UNREACHABLE_CODE = YES;
				CLANG_WARN__DUPLICATE_METHOD_MATCH = YES;
				COPY_PHASE_STRIP = NO;
				DEBUG_INFORMATION_FORMAT = "dwarf-with-dsym";
				ENABLE_NS_ASSERTIONS = NO;
				ENABLE_STRICT_OBJC_MSGSEND = YES;
				ENABLE_USER_SCRIPT_SANDBOXING = YES;
				GCC_C_LANGUAGE_STANDARD = gnu17;
				GCC_NO_COMMON_BLOCKS = YES;
				GCC_WARN_64_TO_32_BIT_CONVERSION = YES;
				GCC_WARN_ABOUT_RETURN_TYPE = YES_ERROR;
				GCC_WARN_UNDECLARED_SELECTOR = YES;
				GCC_WARN_UNINITIALIZED_AUTOS = YES_AGGRESSIVE;
				GCC_WARN_UNUSED_FUNCTION = YES;
				GCC_WARN_UNUSED_VARIABLE = YES;
				IPHONEOS_DEPLOYMENT_TARGET = 17.0;
				LOCALIZATION_PREFERS_STRING_CATALOGS = YES;
				MTL_ENABLE_DEBUG_INFO = NO;
				MTL_FAST_MATH = YES;
				SDKROOT = iphoneos;
				SWIFT_COMPILATION_MODE = wholemodule;
				VALIDATE_PRODUCT = YES;
			};
			name = Release;
		};
		2BD741C22B060521006C11B2 /* Debug */ = {
			isa = XCBuildConfiguration;
			buildSettings = {
				ASSETCATALOG_COMPILER_APPICON_NAME = AppIcon;
				ASSETCATALOG_COMPILER_GLOBAL_ACCENT_COLOR_NAME = AccentColor;
				CODE_SIGN_STYLE = Automatic;
				CURRENT_PROJECT_VERSION = 1;
				DEVELOPMENT_TEAM = 7T88N7TX7W;
				GENERATE_INFOPLIST_FILE = YES;
				INFOPLIST_FILE = Blanky/Info.plist;
				INFOPLIST_KEY_UIApplicationSupportsIndirectInputEvents = YES;
				INFOPLIST_KEY_UILaunchStoryboardName = LaunchScreen;
				INFOPLIST_KEY_UISupportedInterfaceOrientations = UIInterfaceOrientationPortrait;
				INFOPLIST_KEY_UISupportedInterfaceOrientations_iPad = "UIInterfaceOrientationLandscapeLeft UIInterfaceOrientationLandscapeRight UIInterfaceOrientationPortrait UIInterfaceOrientationPortraitUpsideDown";
				IPHONEOS_DEPLOYMENT_TARGET = 16.5;
				LD_RUNPATH_SEARCH_PATHS = (
					"$(inherited)",
					"@executable_path/Frameworks",
				);
				MARKETING_VERSION = 1.0;
				PRODUCT_BUNDLE_IDENTIFIER = com.yerihwang.Blanky;
				PRODUCT_NAME = "$(TARGET_NAME)";
				SUPPORTED_PLATFORMS = "iphoneos iphonesimulator";
				SUPPORTS_MACCATALYST = NO;
				SUPPORTS_MAC_DESIGNED_FOR_IPHONE_IPAD = NO;
				SWIFT_EMIT_LOC_STRINGS = YES;
				SWIFT_VERSION = 5.0;
				TARGETED_DEVICE_FAMILY = 1;
			};
			name = Debug;
		};
		2BD741C32B060521006C11B2 /* Release */ = {
			isa = XCBuildConfiguration;
			buildSettings = {
				ASSETCATALOG_COMPILER_APPICON_NAME = AppIcon;
				ASSETCATALOG_COMPILER_GLOBAL_ACCENT_COLOR_NAME = AccentColor;
				CODE_SIGN_STYLE = Automatic;
				CURRENT_PROJECT_VERSION = 1;
				DEVELOPMENT_TEAM = 7T88N7TX7W;
				GENERATE_INFOPLIST_FILE = YES;
				INFOPLIST_FILE = Blanky/Info.plist;
				INFOPLIST_KEY_UIApplicationSupportsIndirectInputEvents = YES;
				INFOPLIST_KEY_UILaunchStoryboardName = LaunchScreen;
				INFOPLIST_KEY_UISupportedInterfaceOrientations = UIInterfaceOrientationPortrait;
				INFOPLIST_KEY_UISupportedInterfaceOrientations_iPad = "UIInterfaceOrientationLandscapeLeft UIInterfaceOrientationLandscapeRight UIInterfaceOrientationPortrait UIInterfaceOrientationPortraitUpsideDown";
				IPHONEOS_DEPLOYMENT_TARGET = 16.5;
				LD_RUNPATH_SEARCH_PATHS = (
					"$(inherited)",
					"@executable_path/Frameworks",
				);
				MARKETING_VERSION = 1.0;
				PRODUCT_BUNDLE_IDENTIFIER = com.yerihwang.Blanky;
				PRODUCT_NAME = "$(TARGET_NAME)";
				SUPPORTED_PLATFORMS = "iphoneos iphonesimulator";
				SUPPORTS_MACCATALYST = NO;
				SUPPORTS_MAC_DESIGNED_FOR_IPHONE_IPAD = NO;
				SWIFT_EMIT_LOC_STRINGS = YES;
				SWIFT_VERSION = 5.0;
				TARGETED_DEVICE_FAMILY = 1;
			};
			name = Release;
		};
/* End XCBuildConfiguration section */

/* Begin XCConfigurationList section */
		2BD741A82B06051F006C11B2 /* Build configuration list for PBXProject "Blanky" */ = {
			isa = XCConfigurationList;
			buildConfigurations = (
				2BD741BF2B060521006C11B2 /* Debug */,
				2BD741C02B060521006C11B2 /* Release */,
			);
			defaultConfigurationIsVisible = 0;
			defaultConfigurationName = Release;
		};
		2BD741C12B060521006C11B2 /* Build configuration list for PBXNativeTarget "Blanky" */ = {
			isa = XCConfigurationList;
			buildConfigurations = (
				2BD741C22B060521006C11B2 /* Debug */,
				2BD741C32B060521006C11B2 /* Release */,
			);
			defaultConfigurationIsVisible = 0;
			defaultConfigurationName = Release;
		};
/* End XCConfigurationList section */

/* Begin XCRemoteSwiftPackageReference section */
		2B34AEAC2B329E7D00924B18 /* XCRemoteSwiftPackageReference "Tabman" */ = {
			isa = XCRemoteSwiftPackageReference;
			repositoryURL = "https://github.com/uias/Tabman";
			requirement = {
				kind = upToNextMajorVersion;
				minimumVersion = 3.0.2;
			};
		};
		2B6D6DE52B09DE8F004A8DA9 /* XCRemoteSwiftPackageReference "Then" */ = {
			isa = XCRemoteSwiftPackageReference;
			repositoryURL = "https://github.com/devxoul/Then";
			requirement = {
				kind = upToNextMajorVersion;
				minimumVersion = 3.0.0;
			};
		};
		2B6D6DF72B0A3C4F004A8DA9 /* XCRemoteSwiftPackageReference "IQKeyboardManager" */ = {
			isa = XCRemoteSwiftPackageReference;
			repositoryURL = "https://github.com/hackiftekhar/IQKeyboardManager";
			requirement = {
				kind = upToNextMajorVersion;
				minimumVersion = 6.5.16;
			};
		};
		2B6D6E5E2B0DE611004A8DA9 /* XCRemoteSwiftPackageReference "RxSwift" */ = {
			isa = XCRemoteSwiftPackageReference;
			repositoryURL = "https://github.com/ReactiveX/RxSwift.git";
			requirement = {
				kind = upToNextMajorVersion;
				minimumVersion = 6.6.0;
			};
		};
		2B6D6E652B0DE629004A8DA9 /* XCRemoteSwiftPackageReference "Moya" */ = {
			isa = XCRemoteSwiftPackageReference;
			repositoryURL = "https://github.com/Moya/Moya";
			requirement = {
				kind = upToNextMajorVersion;
				minimumVersion = 15.0.3;
			};
		};
		2B9406452B15D35C003FCE94 /* XCRemoteSwiftPackageReference "SwiftKeychainWrapper" */ = {
			isa = XCRemoteSwiftPackageReference;
			repositoryURL = "https://github.com/jrendel/SwiftKeychainWrapper.git";
			requirement = {
				kind = upToNextMajorVersion;
				minimumVersion = 4.0.1;
			};
		};
		2BBBBDB52B2865130035179C /* XCRemoteSwiftPackageReference "Kingfisher" */ = {
			isa = XCRemoteSwiftPackageReference;
			repositoryURL = "https://github.com/onevcat/Kingfisher";
			requirement = {
				kind = upToNextMajorVersion;
				minimumVersion = 7.10.1;
			};
		};
		2BD741D92B079341006C11B2 /* XCRemoteSwiftPackageReference "SnapKit" */ = {
			isa = XCRemoteSwiftPackageReference;
			repositoryURL = "https://github.com/SnapKit/SnapKit";
			requirement = {
				kind = upToNextMajorVersion;
				minimumVersion = 5.6.0;
			};
		};
		2BD742042B08DCEC006C11B2 /* XCRemoteSwiftPackageReference "TextFieldEffects" */ = {
			isa = XCRemoteSwiftPackageReference;
			repositoryURL = "https://github.com/raulriera/TextFieldEffects";
			requirement = {
				kind = upToNextMajorVersion;
				minimumVersion = 1.7.0;
			};
		};
/* End XCRemoteSwiftPackageReference section */

/* Begin XCSwiftPackageProductDependency section */
		2B34AEAD2B329E7D00924B18 /* Tabman */ = {
			isa = XCSwiftPackageProductDependency;
			package = 2B34AEAC2B329E7D00924B18 /* XCRemoteSwiftPackageReference "Tabman" */;
			productName = Tabman;
		};
		2B6D6DE62B09DE8F004A8DA9 /* Then */ = {
			isa = XCSwiftPackageProductDependency;
			package = 2B6D6DE52B09DE8F004A8DA9 /* XCRemoteSwiftPackageReference "Then" */;
			productName = Then;
		};
		2B6D6DF82B0A3C4F004A8DA9 /* IQKeyboardManagerSwift */ = {
			isa = XCSwiftPackageProductDependency;
			package = 2B6D6DF72B0A3C4F004A8DA9 /* XCRemoteSwiftPackageReference "IQKeyboardManager" */;
			productName = IQKeyboardManagerSwift;
		};
		2B6D6E5F2B0DE611004A8DA9 /* RxCocoa */ = {
			isa = XCSwiftPackageProductDependency;
			package = 2B6D6E5E2B0DE611004A8DA9 /* XCRemoteSwiftPackageReference "RxSwift" */;
			productName = RxCocoa;
		};
		2B6D6E612B0DE611004A8DA9 /* RxRelay */ = {
			isa = XCSwiftPackageProductDependency;
			package = 2B6D6E5E2B0DE611004A8DA9 /* XCRemoteSwiftPackageReference "RxSwift" */;
			productName = RxRelay;
		};
		2B6D6E632B0DE611004A8DA9 /* RxSwift */ = {
			isa = XCSwiftPackageProductDependency;
			package = 2B6D6E5E2B0DE611004A8DA9 /* XCRemoteSwiftPackageReference "RxSwift" */;
			productName = RxSwift;
		};
		2B6D6E662B0DE629004A8DA9 /* Moya */ = {
			isa = XCSwiftPackageProductDependency;
			package = 2B6D6E652B0DE629004A8DA9 /* XCRemoteSwiftPackageReference "Moya" */;
			productName = Moya;
		};
		2B6D6E682B0DE629004A8DA9 /* RxMoya */ = {
			isa = XCSwiftPackageProductDependency;
			package = 2B6D6E652B0DE629004A8DA9 /* XCRemoteSwiftPackageReference "Moya" */;
			productName = RxMoya;
		};
		2B9406462B15D35C003FCE94 /* SwiftKeychainWrapper */ = {
			isa = XCSwiftPackageProductDependency;
			package = 2B9406452B15D35C003FCE94 /* XCRemoteSwiftPackageReference "SwiftKeychainWrapper" */;
			productName = SwiftKeychainWrapper;
		};
		2BBBBDB62B2865130035179C /* Kingfisher */ = {
			isa = XCSwiftPackageProductDependency;
			package = 2BBBBDB52B2865130035179C /* XCRemoteSwiftPackageReference "Kingfisher" */;
			productName = Kingfisher;
		};
		2BD741DA2B079341006C11B2 /* SnapKit */ = {
			isa = XCSwiftPackageProductDependency;
			package = 2BD741D92B079341006C11B2 /* XCRemoteSwiftPackageReference "SnapKit" */;
			productName = SnapKit;
		};
		2BD742052B08DCEC006C11B2 /* TextFieldEffects */ = {
			isa = XCSwiftPackageProductDependency;
			package = 2BD742042B08DCEC006C11B2 /* XCRemoteSwiftPackageReference "TextFieldEffects" */;
			productName = TextFieldEffects;
		};
/* End XCSwiftPackageProductDependency section */
	};
	rootObject = 2BD741A52B06051F006C11B2 /* Project object */;
}
